// !$*UTF8*$!
{
	archiveVersion = 1;
	classes = {
	};
	objectVersion = 51;
	objects = {

/* Begin PBXBuildFile section */
		000BE3352767545400D330D4 /* MapsViewController.swift in Sources */ = {isa = PBXBuildFile; fileRef = 000BE3342767545400D330D4 /* MapsViewController.swift */; };
		000CE10B2760C31900F17FFF /* AppDelegate.swift in Sources */ = {isa = PBXBuildFile; fileRef = 000CE10A2760C31900F17FFF /* AppDelegate.swift */; };
		000CE10D2760C31900F17FFF /* SceneDelegate.swift in Sources */ = {isa = PBXBuildFile; fileRef = 000CE10C2760C31900F17FFF /* SceneDelegate.swift */; };
		000CE10F2760C31900F17FFF /* ViewController.swift in Sources */ = {isa = PBXBuildFile; fileRef = 000CE10E2760C31900F17FFF /* ViewController.swift */; };
		000CE1122760C31900F17FFF /* Main.storyboard in Resources */ = {isa = PBXBuildFile; fileRef = 000CE1102760C31900F17FFF /* Main.storyboard */; };
		000CE1142760C31B00F17FFF /* Assets.xcassets in Resources */ = {isa = PBXBuildFile; fileRef = 000CE1132760C31B00F17FFF /* Assets.xcassets */; };
		000CE1172760C31B00F17FFF /* LaunchScreen.storyboard in Resources */ = {isa = PBXBuildFile; fileRef = 000CE1152760C31B00F17FFF /* LaunchScreen.storyboard */; };
		000CE1292761E85D00F17FFF /* secondViewController.swift in Sources */ = {isa = PBXBuildFile; fileRef = 000CE1282761E85D00F17FFF /* secondViewController.swift */; };
		005C6A0827631D6100813B01 /* ThirdViewController.swift in Sources */ = {isa = PBXBuildFile; fileRef = 005C6A0727631D6100813B01 /* ThirdViewController.swift */; };
		009FE8FB277C125300C4417E /* bleTableViewCell.swift in Sources */ = {isa = PBXBuildFile; fileRef = 009FE8F9277C125300C4417E /* bleTableViewCell.swift */; };
		009FE8FC277C125300C4417E /* bleTableViewCell.xib in Resources */ = {isa = PBXBuildFile; fileRef = 009FE8FA277C125300C4417E /* bleTableViewCell.xib */; };
		00A704E7277AF061001778D6 /* BLEUtilityViewController.swift in Sources */ = {isa = PBXBuildFile; fileRef = 00A704E6277AF061001778D6 /* BLEUtilityViewController.swift */; };
		00AF4CD22773094700D9B475 /* BLEViewController.swift in Sources */ = {isa = PBXBuildFile; fileRef = 00AF4CD12773094700D9B475 /* BLEViewController.swift */; };
		53963C9314B871D12A81D041 /* Pods_BiometricsExample.framework in Frameworks */ = {isa = PBXBuildFile; fileRef = 4E8AD7FC77DA5296CA735A3A /* Pods_BiometricsExample.framework */; };
/* End PBXBuildFile section */

/* Begin PBXFileReference section */
		000BE3342767545400D330D4 /* MapsViewController.swift */ = {isa = PBXFileReference; lastKnownFileType = sourcecode.swift; path = MapsViewController.swift; sourceTree = "<group>"; };
		000CE1072760C31900F17FFF /* BiometricsExample.app */ = {isa = PBXFileReference; explicitFileType = wrapper.application; includeInIndex = 0; path = BiometricsExample.app; sourceTree = BUILT_PRODUCTS_DIR; };
		000CE10A2760C31900F17FFF /* AppDelegate.swift */ = {isa = PBXFileReference; lastKnownFileType = sourcecode.swift; path = AppDelegate.swift; sourceTree = "<group>"; };
		000CE10C2760C31900F17FFF /* SceneDelegate.swift */ = {isa = PBXFileReference; lastKnownFileType = sourcecode.swift; path = SceneDelegate.swift; sourceTree = "<group>"; };
		000CE10E2760C31900F17FFF /* ViewController.swift */ = {isa = PBXFileReference; lastKnownFileType = sourcecode.swift; path = ViewController.swift; sourceTree = "<group>"; };
		000CE1112760C31900F17FFF /* Base */ = {isa = PBXFileReference; lastKnownFileType = file.storyboard; name = Base; path = Base.lproj/Main.storyboard; sourceTree = "<group>"; };
		000CE1132760C31B00F17FFF /* Assets.xcassets */ = {isa = PBXFileReference; lastKnownFileType = folder.assetcatalog; path = Assets.xcassets; sourceTree = "<group>"; };
		000CE1162760C31B00F17FFF /* Base */ = {isa = PBXFileReference; lastKnownFileType = file.storyboard; name = Base; path = Base.lproj/LaunchScreen.storyboard; sourceTree = "<group>"; };
		000CE1182760C31B00F17FFF /* Info.plist */ = {isa = PBXFileReference; lastKnownFileType = text.plist.xml; path = Info.plist; sourceTree = "<group>"; };
		000CE1282761E85D00F17FFF /* secondViewController.swift */ = {isa = PBXFileReference; lastKnownFileType = sourcecode.swift; path = secondViewController.swift; sourceTree = "<group>"; };
		005C6A0727631D6100813B01 /* ThirdViewController.swift */ = {isa = PBXFileReference; lastKnownFileType = sourcecode.swift; path = ThirdViewController.swift; sourceTree = "<group>"; };
		009FE8F9277C125300C4417E /* bleTableViewCell.swift */ = {isa = PBXFileReference; lastKnownFileType = sourcecode.swift; path = bleTableViewCell.swift; sourceTree = "<group>"; };
		009FE8FA277C125300C4417E /* bleTableViewCell.xib */ = {isa = PBXFileReference; lastKnownFileType = file.xib; path = bleTableViewCell.xib; sourceTree = "<group>"; };
		00A704E6277AF061001778D6 /* BLEUtilityViewController.swift */ = {isa = PBXFileReference; lastKnownFileType = sourcecode.swift; path = BLEUtilityViewController.swift; sourceTree = "<group>"; };
		00AF4CD12773094700D9B475 /* BLEViewController.swift */ = {isa = PBXFileReference; lastKnownFileType = sourcecode.swift; path = BLEViewController.swift; sourceTree = "<group>"; };
		4A8DF4B07753DFA77447336C /* Pods-BiometricsExample.release.xcconfig */ = {isa = PBXFileReference; includeInIndex = 1; lastKnownFileType = text.xcconfig; name = "Pods-BiometricsExample.release.xcconfig"; path = "Target Support Files/Pods-BiometricsExample/Pods-BiometricsExample.release.xcconfig"; sourceTree = "<group>"; };
		4E8AD7FC77DA5296CA735A3A /* Pods_BiometricsExample.framework */ = {isa = PBXFileReference; explicitFileType = wrapper.framework; includeInIndex = 0; path = Pods_BiometricsExample.framework; sourceTree = BUILT_PRODUCTS_DIR; };
		AB84779F1064D11A3AEA8BD8 /* Pods-BiometricsExample.debug.xcconfig */ = {isa = PBXFileReference; includeInIndex = 1; lastKnownFileType = text.xcconfig; name = "Pods-BiometricsExample.debug.xcconfig"; path = "Target Support Files/Pods-BiometricsExample/Pods-BiometricsExample.debug.xcconfig"; sourceTree = "<group>"; };
/* End PBXFileReference section */

/* Begin PBXFrameworksBuildPhase section */
		000CE1042760C31900F17FFF /* Frameworks */ = {
			isa = PBXFrameworksBuildPhase;
			buildActionMask = 2147483647;
			files = (
				53963C9314B871D12A81D041 /* Pods_BiometricsExample.framework in Frameworks */,
			);
			runOnlyForDeploymentPostprocessing = 0;
		};
/* End PBXFrameworksBuildPhase section */

/* Begin PBXGroup section */
		000CE0FE2760C31900F17FFF = {
			isa = PBXGroup;
			children = (
				000CE1092760C31900F17FFF /* BiometricsExample */,
				000CE1082760C31900F17FFF /* Products */,
				725EA13318B3289BD7A65803 /* Pods */,
				96CBE954DE9327BFDB684027 /* Frameworks */,
			);
			sourceTree = "<group>";
		};
		000CE1082760C31900F17FFF /* Products */ = {
			isa = PBXGroup;
			children = (
				000CE1072760C31900F17FFF /* BiometricsExample.app */,
			);
			name = Products;
			sourceTree = "<group>";
		};
		000CE1092760C31900F17FFF /* BiometricsExample */ = {
			isa = PBXGroup;
			children = (
				000CE10A2760C31900F17FFF /* AppDelegate.swift */,
				000CE10C2760C31900F17FFF /* SceneDelegate.swift */,
				000CE10E2760C31900F17FFF /* ViewController.swift */,
				000CE1102760C31900F17FFF /* Main.storyboard */,
				000BE3342767545400D330D4 /* MapsViewController.swift */,
				000CE1282761E85D00F17FFF /* secondViewController.swift */,
				005C6A0727631D6100813B01 /* ThirdViewController.swift */,
				000CE1132760C31B00F17FFF /* Assets.xcassets */,
				000CE1152760C31B00F17FFF /* LaunchScreen.storyboard */,
				000CE1182760C31B00F17FFF /* Info.plist */,
				00AF4CD12773094700D9B475 /* BLEViewController.swift */,
				00A704E6277AF061001778D6 /* BLEUtilityViewController.swift */,
				009FE8F9277C125300C4417E /* bleTableViewCell.swift */,
				009FE8FA277C125300C4417E /* bleTableViewCell.xib */,
			);
			path = BiometricsExample;
			sourceTree = "<group>";
		};
		725EA13318B3289BD7A65803 /* Pods */ = {
			isa = PBXGroup;
			children = (
				AB84779F1064D11A3AEA8BD8 /* Pods-BiometricsExample.debug.xcconfig */,
				4A8DF4B07753DFA77447336C /* Pods-BiometricsExample.release.xcconfig */,
			);
			path = Pods;
			sourceTree = "<group>";
		};
		96CBE954DE9327BFDB684027 /* Frameworks */ = {
			isa = PBXGroup;
			children = (
				4E8AD7FC77DA5296CA735A3A /* Pods_BiometricsExample.framework */,
			);
			name = Frameworks;
			sourceTree = "<group>";
		};
/* End PBXGroup section */

/* Begin PBXNativeTarget section */
		000CE1062760C31900F17FFF /* BiometricsExample */ = {
			isa = PBXNativeTarget;
			buildConfigurationList = 000CE11B2760C31B00F17FFF /* Build configuration list for PBXNativeTarget "BiometricsExample" */;
			buildPhases = (
				9BFEFF0892D79B8B14EEDC2F /* [CP] Check Pods Manifest.lock */,
				000CE1032760C31900F17FFF /* Sources */,
				000CE1042760C31900F17FFF /* Frameworks */,
				000CE1052760C31900F17FFF /* Resources */,
				763344C9E5E87EA2CF31284A /* [CP] Embed Pods Frameworks */,
				D36772779E103A0D31FEB4A2 /* [CP] Copy Pods Resources */,
			);
			buildRules = (
			);
			dependencies = (
			);
			name = BiometricsExample;
			productName = BiometricsExample;
			productReference = 000CE1072760C31900F17FFF /* BiometricsExample.app */;
			productType = "com.apple.product-type.application";
		};
/* End PBXNativeTarget section */

/* Begin PBXProject section */
		000CE0FF2760C31900F17FFF /* Project object */ = {
			isa = PBXProject;
			attributes = {
				LastSwiftUpdateCheck = 1240;
				LastUpgradeCheck = 1240;
				TargetAttributes = {
					000CE1062760C31900F17FFF = {
						CreatedOnToolsVersion = 12.4;
					};
				};
			};
			buildConfigurationList = 000CE1022760C31900F17FFF /* Build configuration list for PBXProject "BiometricsExample" */;
			compatibilityVersion = "Xcode 9.3";
			developmentRegion = en;
			hasScannedForEncodings = 0;
			knownRegions = (
				en,
				Base,
			);
			mainGroup = 000CE0FE2760C31900F17FFF;
			productRefGroup = 000CE1082760C31900F17FFF /* Products */;
			projectDirPath = "";
			projectRoot = "";
			targets = (
				000CE1062760C31900F17FFF /* BiometricsExample */,
			);
		};
/* End PBXProject section */

/* Begin PBXResourcesBuildPhase section */
		000CE1052760C31900F17FFF /* Resources */ = {
			isa = PBXResourcesBuildPhase;
			buildActionMask = 2147483647;
			files = (
				000CE1172760C31B00F17FFF /* LaunchScreen.storyboard in Resources */,
				000CE1142760C31B00F17FFF /* Assets.xcassets in Resources */,
				000CE1122760C31900F17FFF /* Main.storyboard in Resources */,
				009FE8FC277C125300C4417E /* bleTableViewCell.xib in Resources */,
			);
			runOnlyForDeploymentPostprocessing = 0;
		};
/* End PBXResourcesBuildPhase section */

/* Begin PBXShellScriptBuildPhase section */
		763344C9E5E87EA2CF31284A /* [CP] Embed Pods Frameworks */ = {
			isa = PBXShellScriptBuildPhase;
			buildActionMask = 2147483647;
			files = (
			);
			inputFileListPaths = (
				"${PODS_ROOT}/Target Support Files/Pods-BiometricsExample/Pods-BiometricsExample-frameworks-${CONFIGURATION}-input-files.xcfilelist",
			);
			name = "[CP] Embed Pods Frameworks";
			outputFileListPaths = (
				"${PODS_ROOT}/Target Support Files/Pods-BiometricsExample/Pods-BiometricsExample-frameworks-${CONFIGURATION}-output-files.xcfilelist",
			);
			runOnlyForDeploymentPostprocessing = 0;
			shellPath = /bin/sh;
			shellScript = "\"${PODS_ROOT}/Target Support Files/Pods-BiometricsExample/Pods-BiometricsExample-frameworks.sh\"\n";
			showEnvVarsInLog = 0;
		};
		9BFEFF0892D79B8B14EEDC2F /* [CP] Check Pods Manifest.lock */ = {
			isa = PBXShellScriptBuildPhase;
			buildActionMask = 2147483647;
			files = (
			);
			inputFileListPaths = (
			);
			inputPaths = (
				"${PODS_PODFILE_DIR_PATH}/Podfile.lock",
				"${PODS_ROOT}/Manifest.lock",
			);
			name = "[CP] Check Pods Manifest.lock";
			outputFileListPaths = (
			);
			outputPaths = (
				"$(DERIVED_FILE_DIR)/Pods-BiometricsExample-checkManifestLockResult.txt",
			);
			runOnlyForDeploymentPostprocessing = 0;
			shellPath = /bin/sh;
			shellScript = "diff \"${PODS_PODFILE_DIR_PATH}/Podfile.lock\" \"${PODS_ROOT}/Manifest.lock\" > /dev/null\nif [ $? != 0 ] ; then\n    # print error to STDERR\n    echo \"error: The sandbox is not in sync with the Podfile.lock. Run 'pod install' or update your CocoaPods installation.\" >&2\n    exit 1\nfi\n# This output is used by Xcode 'outputs' to avoid re-running this script phase.\necho \"SUCCESS\" > \"${SCRIPT_OUTPUT_FILE_0}\"\n";
			showEnvVarsInLog = 0;
		};
		D36772779E103A0D31FEB4A2 /* [CP] Copy Pods Resources */ = {
			isa = PBXShellScriptBuildPhase;
			buildActionMask = 2147483647;
			files = (
			);
			inputFileListPaths = (
				"${PODS_ROOT}/Target Support Files/Pods-BiometricsExample/Pods-BiometricsExample-resources-${CONFIGURATION}-input-files.xcfilelist",
			);
			name = "[CP] Copy Pods Resources";
			outputFileListPaths = (
				"${PODS_ROOT}/Target Support Files/Pods-BiometricsExample/Pods-BiometricsExample-resources-${CONFIGURATION}-output-files.xcfilelist",
			);
			runOnlyForDeploymentPostprocessing = 0;
			shellPath = /bin/sh;
			shellScript = "\"${PODS_ROOT}/Target Support Files/Pods-BiometricsExample/Pods-BiometricsExample-resources.sh\"\n";
			showEnvVarsInLog = 0;
		};
/* End PBXShellScriptBuildPhase section */

/* Begin PBXSourcesBuildPhase section */
		000CE1032760C31900F17FFF /* Sources */ = {
			isa = PBXSourcesBuildPhase;
			buildActionMask = 2147483647;
			files = (
				000CE1292761E85D00F17FFF /* secondViewController.swift in Sources */,
				000CE10F2760C31900F17FFF /* ViewController.swift in Sources */,
				005C6A0827631D6100813B01 /* ThirdViewController.swift in Sources */,
				000BE3352767545400D330D4 /* MapsViewController.swift in Sources */,
				000CE10B2760C31900F17FFF /* AppDelegate.swift in Sources */,
				000CE10D2760C31900F17FFF /* SceneDelegate.swift in Sources */,
				00AF4CD22773094700D9B475 /* BLEViewController.swift in Sources */,
				009FE8FB277C125300C4417E /* bleTableViewCell.swift in Sources */,
				00A704E7277AF061001778D6 /* BLEUtilityViewController.swift in Sources */,
			);
			runOnlyForDeploymentPostprocessing = 0;
		};
/* End PBXSourcesBuildPhase section */

/* Begin PBXVariantGroup section */
		000CE1102760C31900F17FFF /* Main.storyboard */ = {
			isa = PBXVariantGroup;
			children = (
				000CE1112760C31900F17FFF /* Base */,
			);
			name = Main.storyboard;
			sourceTree = "<group>";
		};
		000CE1152760C31B00F17FFF /* LaunchScreen.storyboard */ = {
			isa = PBXVariantGroup;
			children = (
				000CE1162760C31B00F17FFF /* Base */,
			);
			name = LaunchScreen.storyboard;
			sourceTree = "<group>";
		};
/* End PBXVariantGroup section */

/* Begin XCBuildConfiguration section */
		000CE1192760C31B00F17FFF /* Debug */ = {
			isa = XCBuildConfiguration;
			buildSettings = {
				ALWAYS_SEARCH_USER_PATHS = NO;
				CLANG_ANALYZER_NONNULL = YES;
				CLANG_ANALYZER_NUMBER_OBJECT_CONVERSION = YES_AGGRESSIVE;
				CLANG_CXX_LANGUAGE_STANDARD = "gnu++14";
				CLANG_CXX_LIBRARY = "libc++";
				CLANG_ENABLE_MODULES = YES;
				CLANG_ENABLE_OBJC_ARC = YES;
				CLANG_ENABLE_OBJC_WEAK = YES;
				CLANG_WARN_BLOCK_CAPTURE_AUTORELEASING = YES;
				CLANG_WARN_BOOL_CONVERSION = YES;
				CLANG_WARN_COMMA = YES;
				CLANG_WARN_CONSTANT_CONVERSION = YES;
				CLANG_WARN_DEPRECATED_OBJC_IMPLEMENTATIONS = YES;
				CLANG_WARN_DIRECT_OBJC_ISA_USAGE = YES_ERROR;
				CLANG_WARN_DOCUMENTATION_COMMENTS = YES;
				CLANG_WARN_EMPTY_BODY = YES;
				CLANG_WARN_ENUM_CONVERSION = YES;
				CLANG_WARN_INFINITE_RECURSION = YES;
				CLANG_WARN_INT_CONVERSION = YES;
				CLANG_WARN_NON_LITERAL_NULL_CONVERSION = YES;
				CLANG_WARN_OBJC_IMPLICIT_RETAIN_SELF = YES;
				CLANG_WARN_OBJC_LITERAL_CONVERSION = YES;
				CLANG_WARN_OBJC_ROOT_CLASS = YES_ERROR;
				CLANG_WARN_QUOTED_INCLUDE_IN_FRAMEWORK_HEADER = YES;
				CLANG_WARN_RANGE_LOOP_ANALYSIS = YES;
				CLANG_WARN_STRICT_PROTOTYPES = YES;
				CLANG_WARN_SUSPICIOUS_MOVE = YES;
				CLANG_WARN_UNGUARDED_AVAILABILITY = YES_AGGRESSIVE;
				CLANG_WARN_UNREACHABLE_CODE = YES;
				CLANG_WARN__DUPLICATE_METHOD_MATCH = YES;
				COPY_PHASE_STRIP = NO;
				DEBUG_INFORMATION_FORMAT = dwarf;
				ENABLE_STRICT_OBJC_MSGSEND = YES;
				ENABLE_TESTABILITY = YES;
				GCC_C_LANGUAGE_STANDARD = gnu11;
				GCC_DYNAMIC_NO_PIC = NO;
				GCC_NO_COMMON_BLOCKS = YES;
				GCC_OPTIMIZATION_LEVEL = 0;
				GCC_PREPROCESSOR_DEFINITIONS = (
					"DEBUG=1",
					"$(inherited)",
				);
				GCC_WARN_64_TO_32_BIT_CONVERSION = YES;
				GCC_WARN_ABOUT_RETURN_TYPE = YES_ERROR;
				GCC_WARN_UNDECLARED_SELECTOR = YES;
				GCC_WARN_UNINITIALIZED_AUTOS = YES_AGGRESSIVE;
				GCC_WARN_UNUSED_FUNCTION = YES;
				GCC_WARN_UNUSED_VARIABLE = YES;
				IPHONEOS_DEPLOYMENT_TARGET = 14.4;
				MTL_ENABLE_DEBUG_INFO = INCLUDE_SOURCE;
				MTL_FAST_MATH = YES;
				ONLY_ACTIVE_ARCH = YES;
				SDKROOT = iphoneos;
				SWIFT_ACTIVE_COMPILATION_CONDITIONS = DEBUG;
				SWIFT_OPTIMIZATION_LEVEL = "-Onone";
			};
			name = Debug;
		};
		000CE11A2760C31B00F17FFF /* Release */ = {
			isa = XCBuildConfiguration;
			buildSettings = {
				ALWAYS_SEARCH_USER_PATHS = NO;
				CLANG_ANALYZER_NONNULL = YES;
				CLANG_ANALYZER_NUMBER_OBJECT_CONVERSION = YES_AGGRESSIVE;
				CLANG_CXX_LANGUAGE_STANDARD = "gnu++14";
				CLANG_CXX_LIBRARY = "libc++";
				CLANG_ENABLE_MODULES = YES;
				CLANG_ENABLE_OBJC_ARC = YES;
				CLANG_ENABLE_OBJC_WEAK = YES;
				CLANG_WARN_BLOCK_CAPTURE_AUTORELEASING = YES;
				CLANG_WARN_BOOL_CONVERSION = YES;
				CLANG_WARN_COMMA = YES;
				CLANG_WARN_CONSTANT_CONVERSION = YES;
				CLANG_WARN_DEPRECATED_OBJC_IMPLEMENTATIONS = YES;
				CLANG_WARN_DIRECT_OBJC_ISA_USAGE = YES_ERROR;
				CLANG_WARN_DOCUMENTATION_COMMENTS = YES;
				CLANG_WARN_EMPTY_BODY = YES;
				CLANG_WARN_ENUM_CONVERSION = YES;
				CLANG_WARN_INFINITE_RECURSION = YES;
				CLANG_WARN_INT_CONVERSION = YES;
				CLANG_WARN_NON_LITERAL_NULL_CONVERSION = YES;
				CLANG_WARN_OBJC_IMPLICIT_RETAIN_SELF = YES;
				CLANG_WARN_OBJC_LITERAL_CONVERSION = YES;
				CLANG_WARN_OBJC_ROOT_CLASS = YES_ERROR;
				CLANG_WARN_QUOTED_INCLUDE_IN_FRAMEWORK_HEADER = YES;
				CLANG_WARN_RANGE_LOOP_ANALYSIS = YES;
				CLANG_WARN_STRICT_PROTOTYPES = YES;
				CLANG_WARN_SUSPICIOUS_MOVE = YES;
				CLANG_WARN_UNGUARDED_AVAILABILITY = YES_AGGRESSIVE;
				CLANG_WARN_UNREACHABLE_CODE = YES;
				CLANG_WARN__DUPLICATE_METHOD_MATCH = YES;
				COPY_PHASE_STRIP = NO;
				DEBUG_INFORMATION_FORMAT = "dwarf-with-dsym";
				ENABLE_NS_ASSERTIONS = NO;
				ENABLE_STRICT_OBJC_MSGSEND = YES;
				GCC_C_LANGUAGE_STANDARD = gnu11;
				GCC_NO_COMMON_BLOCKS = YES;
				GCC_WARN_64_TO_32_BIT_CONVERSION = YES;
				GCC_WARN_ABOUT_RETURN_TYPE = YES_ERROR;
				GCC_WARN_UNDECLARED_SELECTOR = YES;
				GCC_WARN_UNINITIALIZED_AUTOS = YES_AGGRESSIVE;
				GCC_WARN_UNUSED_FUNCTION = YES;
				GCC_WARN_UNUSED_VARIABLE = YES;
				IPHONEOS_DEPLOYMENT_TARGET = 14.4;
				MTL_ENABLE_DEBUG_INFO = NO;
				MTL_FAST_MATH = YES;
				SDKROOT = iphoneos;
				SWIFT_COMPILATION_MODE = wholemodule;
				SWIFT_OPTIMIZATION_LEVEL = "-O";
				VALIDATE_PRODUCT = YES;
			};
			name = Release;
		};
		000CE11C2760C31B00F17FFF /* Debug */ = {
			isa = XCBuildConfiguration;
			baseConfigurationReference = AB84779F1064D11A3AEA8BD8 /* Pods-BiometricsExample.debug.xcconfig */;
			buildSettings = {
				ASSETCATALOG_COMPILER_APPICON_NAME = AppIcon;
				ASSETCATALOG_COMPILER_GLOBAL_ACCENT_COLOR_NAME = AccentColor;
				CODE_SIGN_STYLE = Automatic;
				DEVELOPMENT_TEAM = 7AT8D8TT66;
				INFOPLIST_FILE = BiometricsExample/Info.plist;
				LD_RUNPATH_SEARCH_PATHS = (
					"$(inherited)",
					"@executable_path/Frameworks",
				);
				PRODUCT_BUNDLE_IDENTIFIER = com.softcons.BiometricsExample;
				PRODUCT_NAME = "$(TARGET_NAME)";
				SWIFT_VERSION = 5.0;
				TARGETED_DEVICE_FAMILY = "1,2";
			};
			name = Debug;
		};
		000CE11D2760C31B00F17FFF /* Release */ = {
			isa = XCBuildConfiguration;
			baseConfigurationReference = 4A8DF4B07753DFA77447336C /* Pods-BiometricsExample.release.xcconfig */;
			buildSettings = {
				ASSETCATALOG_COMPILER_APPICON_NAME = AppIcon;
				ASSETCATALOG_COMPILER_GLOBAL_ACCENT_COLOR_NAME = AccentColor;
				CODE_SIGN_STYLE = Automatic;
				DEVELOPMENT_TEAM = 7AT8D8TT66;
				INFOPLIST_FILE = BiometricsExample/Info.plist;
				LD_RUNPATH_SEARCH_PATHS = (
					"$(inherited)",
					"@executable_path/Frameworks",
				);
				PRODUCT_BUNDLE_IDENTIFIER = com.softcons.BiometricsExample;
				PRODUCT_NAME = "$(TARGET_NAME)";
				SWIFT_VERSION = 5.0;
				TARGETED_DEVICE_FAMILY = "1,2";
			};
			name = Release;
		};
/* End XCBuildConfiguration section */

/* Begin XCConfigurationList section */
		000CE1022760C31900F17FFF /* Build configuration list for PBXProject "BiometricsExample" */ = {
			isa = XCConfigurationList;
			buildConfigurations = (
				000CE1192760C31B00F17FFF /* Debug */,
				000CE11A2760C31B00F17FFF /* Release */,
			);
			defaultConfigurationIsVisible = 0;
			defaultConfigurationName = Release;
		};
		000CE11B2760C31B00F17FFF /* Build configuration list for PBXNativeTarget "BiometricsExample" */ = {
			isa = XCConfigurationList;
			buildConfigurations = (
				000CE11C2760C31B00F17FFF /* Debug */,
				000CE11D2760C31B00F17FFF /* Release */,
			);
			defaultConfigurationIsVisible = 0;
			defaultConfigurationName = Release;
		};
/* End XCConfigurationList section */
	};
	rootObject = 000CE0FF2760C31900F17FFF /* Project object */;
}
